
Microsoft Visual Studio Solution File, Format Version 12.00
# Visual Studio Version 16
VisualStudioVersion = 16.0.31129.286
MinimumVisualStudioVersion = 10.0.40219.1
Project("{FAE04EC0-301F-11D3-BF4B-00C04F79EFBC}") = "Calculadora - POO", "Calculadora - POO\Calculadora - POO.csproj", "{E7127F0F-7DB1-4B7B-931B-1C349DB9EF9B}"
EndProject
Global
	GlobalSection(SolutionConfigurationPlatforms) = preSolution
		Debug|Any CPU = Debug|Any CPU
		Release|Any CPU = Release|Any CPU
	EndGlobalSection
	GlobalSection(ProjectConfigurationPlatforms) = postSolution
		{E7127F0F-7DB1-4B7B-931B-1C349DB9EF9B}.Debug|Any CPU.ActiveCfg = Debug|Any CPU
		{E7127F0F-7DB1-4B7B-931B-1C349DB9EF9B}.Debug|Any CPU.Build.0 = Debug|Any CPU
		{E7127F0F-7DB1-4B7B-931B-1C349DB9EF9B}.Release|Any CPU.ActiveCfg = Release|Any CPU
		{E7127F0F-7DB1-4B7B-931B-1C349DB9EF9B}.Release|Any CPU.Build.0 = Release|Any CPU
	EndGlobalSection
	GlobalSection(SolutionProperties) = preSolution
		HideSolutionNode = FALSE
	EndGlobalSection
	GlobalSection(ExtensibilityGlobals) = postSolution
		SolutionGuid = {9DA44439-5F23-4BDE-A14F-427D3024E005}
	EndGlobalSection
EndGlobal
